GEM
  remote: https://rubygems.org/
  specs:
    mini_portile2 (2.8.9)
    sqlite3 (2.9.6)
      mini_portile2 (~> 2.8.0)
    sqlite3 (2.9.6-x86_64-linux-gnu)
    webrick (1.9.2)

PLATFORMS
  x86_64-darwin-23
  x86_64-linux
  x86_64-linux-gnu

DEPENDENCIES
  sqlite3 (~> 2.0)
  webrick (~> 1.9)

BUNDLED WITH
   2.4.22
